{
  "name": "mean-chart-react",
  "version": "1.0.0",
  "lockfileVersion": 1,
  "requires": true,
  "dependencies": {
    "mean-chart": {
      "version": "1.0.31",
      "resolved": "https://registry.npmjs.org/mean-chart/-/mean-chart-1.0.31.tgz",
      "integrity": "sha512-a4pkVg+kjKu38ZDpVKkH9G97gYb6Del1xLVb8+BjvtbbD7lZMgowBH4+NgL3XgSkeBVyBHp3xIY4E9Wnf50wNw=="
    }
  }
}
